DEPENDENCIES
  apt
  cakebox
    git: https://github.com/alt3/chef-cakebox.git
    revision: 75d63f008b395b4a706bad0ba9c1749de0591c4a
  composer
    git: https://github.com/Morphodo/chef-composer.git
    revision: 27cb886029fc28e08ca80ab0b15408b412bb09b7
  git-ppa
    git: https://github.com/alt3/chef-git-ppa.git
    revision: 4e4c8520e0094a23a5d5b76779ca433078938ea7
  heroku
    git: https://github.com/alt3/chef-heroku.git
    revision: 435195328fc2da360aa9abd1e3c2d0ab6f65fe07
  memcached
  nginx
    git: https://github.com/phlipper/chef-nginx.git
    revision: 3aefd5f582501fda991785a4eb6c81314497556a
  percona
    git: https://github.com/phlipper/chef-percona.git
    revision: 9217d3fd30f49637b17294af8cc2afa3ee44c026
  php5-ppa
    git: https://github.com/alt3/chef-php5-ppa.git
    revision: 1ec87dfe8843264d0664b3c60536a3b740280045
  phpcs
    git: https://github.com/alt3/chef-phpcs
    revision: 64157206d847b79bd86f2a75fbcc100758828142
  phpunit
    git: https://github.com/alt3/chef-phpunit
    revision: 729bccf81d3fae968db68e733631df7cf09e0726
  postgresql
    git: https://github.com/phlipper/chef-postgresql.git
    revision: c3d9ab503c63eb4af222aa45cea4243b9879ff5b
  redis
    git: https://github.com/phlipper/chef-redis.git
    revision: 9803b2480f39989b5f88e1bf71e5c41d57c82d6b
  vagrant-cakebox-builder
    path: .
    metadata: true

GRAPH
  7-zip (1.0.2)
    windows (>= 1.2.2)
  apt (2.6.0)
  ark (0.9.0)
    7-zip (>= 0.0.0)
    windows (>= 0.0.0)
  build-essential (2.1.3)
  cakebox (1.0.0)
    nginx (>= 0.0.0)
    phpcs (>= 0.0.0)
  chef-sugar (2.4.1)
  chef_handler (1.1.6)
  composer (0.2.1)
  git-ppa (1.0.0)
    apt (>= 0.0.0)
  heroku (1.0.0)
    ark (>= 0.0.0)
  memcached (1.7.2)
    runit (~> 1.0)
    yum (~> 3.0)
    yum-epel (>= 0.0.0)
  nginx (0.5.5)
    apt (>= 0.0.0)
  openssl (2.0.0)
    chef-sugar (>= 0.0.0)
  percona (0.15.5)
    apt (>= 1.9.0)
    build-essential (>= 0.0.0)
    openssl (>= 0.0.0)
    yum (~> 3.0)
    yum-epel (>= 0.0.0)
  php5-ppa (1.0.0)
    apt (>= 0.0.0)
  phpcs (1.0.0)
    composer (>= 0.0.0)
  phpunit (1.0.0)
    composer (>= 0.0.0)
  postgresql (0.15.0)
    apt (>= 1.9.0)
  redis (0.5.5)
    apt (>= 0.0.0)
  runit (1.5.10)
    build-essential (>= 0.0.0)
    yum (~> 3.0)
    yum-epel (>= 0.0.0)
  vagrant-cakebox-builder (0.0.2)
  windows (1.34.8)
    chef_handler (>= 0.0.0)
  yum (3.4.1)
  yum-epel (0.5.2)
    yum (~> 3.0)
