DEPENDENCIES
  apt
  cakebox
    git: https://github.com/alt3/chef-cakebox
    revision: 142a0e863e0246513f089616af5a6ac8af3fb432
  composer
    git: https://github.com/Morphodo/chef-composer
    revision: 92aee6313fc47dfd51b45c176b7efe41c767c57d
  curl
    git: https://github.com/phlipper/chef-curl
    revision: d1f6690319eb4e5278af0060eb053937541d8d90
  elasticsearch
  git-ppa
    git: https://github.com/alt3/chef-git-ppa
    revision: 9595bf8ab1d66a7b08d4caae0e788b48b6025b31
  heroku
    git: https://github.com/alt3/chef-heroku.git
    revision: 4e00cb5ae5fee5d4789acdfe147424b805df641f
  hhvm
    git: https://github.com/jubianchi/hhvm-cookbook
    revision: dcb07ee82d0b7d58176c6b2eb84ac9cfb8f2b5f5
  java
    git: https://github.com/agileorbit-cookbooks/java
    revision: 0284ede5f9358d8e1ecb80def2e6d5548a54fae7
  kibana_lwrp
    git: https://github.com/lusis/chef-kibana
    revision: a84b00e81fda3fc496889513eafded1f56388a45
  logstash
    git: https://github.com/lusis/chef-logstash
    revision: 003fcca1d0737c57bf980d2158f1f59df6fb1cbf
  memcached
  mongodb
    git: https://github.com/edelight/chef-mongodb
    revision: dc5836318a27331f605f264d946931927dd26bb8
  nginx
    git: https://github.com/phlipper/chef-nginx
    revision: 3018f3813ac63155d2dfa4b03d9609ff525b8921
  percona
    git: https://github.com/phlipper/chef-percona
    revision: 0666754756e9494ac2598d82a67fda6cf42aa8bd
  php5-ppa
    git: https://github.com/alt3/chef-php5-ppa
    revision: 3752532f84d24f64796b56f9b2ffac0fbe429931
  phpcs
    git: https://github.com/alt3/chef-phpcs
    revision: e4c434293047e2e1dc22b8dd7ee3a220b89ba6a7
  phpunit
    git: https://github.com/alt3/chef-phpunit
    revision: f3e9fe07523f3a09fde5d48d38efe6d3461edee7
  postgresql
    git: https://github.com/phlipper/chef-postgresql
    revision: 08718bbfc7461eb70dcddfdc2fc1c80b7c2767b2
  redis
    git: https://github.com/phlipper/chef-redis
    revision: 7476279fc9c8727f082b8d77b5e1922dc2ef437b
  runit
  vagrant-cakebox-builder
    path: .
    metadata: true

GRAPH
  7-zip (1.0.2)
    windows (>= 1.2.2)
  ant (1.0.2)
    ark (>= 0.0.0)
    java (>= 0.0.0)
  apache2 (3.0.0)
    iptables (>= 0.0.0)
    logrotate (>= 0.0.0)
  apt (2.6.1)
  ark (0.9.0)
    7-zip (>= 0.0.0)
    windows (>= 0.0.0)
  beaver (1.4.0)
    apt (>= 0.0.0)
    python (>= 0.0.0)
  build-essential (2.1.3)
  cakebox (1.0.0)
    apt (>= 0.0.0)
    composer (>= 0.0.0)
    git-ppa (>= 0.0.0)
    nginx (>= 0.0.0)
    percona (>= 0.0.0)
    php5-ppa (>= 0.0.0)
    phpcs (>= 0.0.0)
    ssh_known_hosts (>= 0.0.0)
  chef-sugar (2.5.0)
  chef_handler (1.1.6)
  composer (0.2.1)
  curl (1.0.0)
  dmg (2.2.2)
  elasticsearch (0.3.13)
    ark (>= 0.2.4)
    build-essential (>= 0.0.0)
    java (>= 0.0.0)
    monit (>= 0.0.0)
    xml (>= 0.0.0)
  git (4.1.0)
    build-essential (>= 0.0.0)
    dmg (>= 0.0.0)
    runit (>= 1.0)
    windows (>= 0.0.0)
    yum (~> 3.0)
    yum-epel (>= 0.0.0)
  git-ppa (1.0.0)
    apt (>= 0.0.0)
  heroku (1.0.0)
    ark (>= 0.0.0)
  hhvm (0.6.0)
    apt (>= 0.0.0)
    yum (>= 0.0.0)
  iptables (0.14.1)
  java (1.30.0)
  kibana_lwrp (2.0.1)
    apache2 (>= 0.0.0)
    ark (>= 0.0.0)
    git (>= 0.0.0)
    java (>= 0.0.0)
    libarchive (>= 0.0.0)
    nginx (>= 0.0.0)
    poise (>= 0.0.0)
    runit (>= 0.0.0)
  libarchive (0.4.1)
    apt (~> 2.5)
    build-essential (~> 2.0)
  logrotate (1.8.0)
  logstash (0.11.3)
    ant (>= 0.0.0)
    apt (>= 0.0.0)
    ark (>= 0.0.0)
    beaver (>= 0.0.0)
    build-essential (>= 0.0.0)
    curl (>= 0.0.0)
    elasticsearch (>= 0.0.0)
    git (>= 0.0.0)
    java (>= 0.0.0)
    logrotate (>= 0.0.0)
    python (>= 0.0.0)
    runit (>= 0.0.0)
  memcached (1.7.2)
    runit (~> 1.0)
    yum (~> 3.0)
    yum-epel (>= 0.0.0)
  mongodb (0.16.3)
    apt (>= 1.8.2)
    python (>= 0.0.0)
    yum (>= 3.0.0)
  monit (0.7.5)
  nginx (0.6.0)
    apt (>= 0.0.0)
  openssl (2.0.2)
    chef-sugar (>= 0.0.0)
  partial_search (1.0.8)
  percona (0.15.5)
    apt (>= 1.9.0)
    build-essential (>= 0.0.0)
    openssl (>= 0.0.0)
    yum (~> 3.0)
    yum-epel (>= 0.0.0)
  php5-ppa (1.0.0)
    apt (>= 0.0.0)
  phpcs (1.0.0)
    composer (>= 0.0.0)
  phpunit (1.0.0)
    composer (>= 0.0.0)
  poise (1.0.12)
  postgresql (0.16.0)
    apt (>= 1.9.0)
  python (1.4.6)
    build-essential (>= 0.0.0)
    yum-epel (>= 0.0.0)
  redis (0.5.6)
    apt (>= 0.0.0)
  runit (1.5.14)
    build-essential (>= 0.0.0)
    yum (~> 3.0)
    yum-epel (>= 0.0.0)
  ssh_known_hosts (2.0.0)
    partial_search (>= 0.0.0)
  vagrant-cakebox-builder (0.0.2)
  windows (1.36.1)
    chef_handler (>= 0.0.0)
  xml (1.2.9)
    build-essential (>= 0.0.0)
    chef-sugar (>= 0.0.0)
  yum (3.5.2)
  yum-epel (0.6.0)
    yum (~> 3.0)
